
Microsoft Visual Studio Solution File, Format Version 12.00
# Visual Studio Version 17
VisualStudioVersion = 17.3.32922.545
MinimumVisualStudioVersion = 10.0.40219.1
Project("{FAE04EC0-301F-11D3-BF4B-00C04F79EFBC}") = "POS", "POS.csproj", "{EF31BE81-A13B-4693-A1B9-B51D3BA888F1}"
EndProject
Global
	GlobalSection(SolutionConfigurationPlatforms) = preSolution
		Debug|Any CPU = Debug|Any CPU
		Release|Any CPU = Release|Any CPU
	EndGlobalSection
	GlobalSection(ProjectConfigurationPlatforms) = postSolution
		{EF31BE81-A13B-4693-A1B9-B51D3BA888F1}.Debug|Any CPU.ActiveCfg = Debug|Any CPU
		{EF31BE81-A13B-4693-A1B9-B51D3BA888F1}.Debug|Any CPU.Build.0 = Debug|Any CPU
		{EF31BE81-A13B-4693-A1B9-B51D3BA888F1}.Release|Any CPU.ActiveCfg = Release|Any CPU
		{EF31BE81-A13B-4693-A1B9-B51D3BA888F1}.Release|Any CPU.Build.0 = Release|Any CPU
	EndGlobalSection
	GlobalSection(SolutionProperties) = preSolution
		HideSolutionNode = FALSE
	EndGlobalSection
	GlobalSection(ExtensibilityGlobals) = postSolution
		SolutionGuid = {1B99FD05-0B15-44C1-BF93-8E7C26E138BD}
	EndGlobalSection
EndGlobal
